
Microsoft Visual Studio Solution File, Format Version 12.00
# Visual Studio for Mac
Project("{FAE04EC0-301F-11D3-BF4B-00C04F79EFBC}") = "Assembly-CSharp", "Assembly-CSharp.csproj", "{490D5560-1664-CE55-6D6B-805BFFA3E80C}"
EndProject
Global
	GlobalSection(SolutionConfigurationPlatforms) = preSolution
		Debug|Any CPU = Debug|Any CPU
		Release|Any CPU = Release|Any CPU
	EndGlobalSection
	GlobalSection(ProjectConfigurationPlatforms) = postSolution
		{490D5560-1664-CE55-6D6B-805BFFA3E80C}.Debug|Any CPU.ActiveCfg = Debug|Any CPU
		{490D5560-1664-CE55-6D6B-805BFFA3E80C}.Debug|Any CPU.Build.0 = Debug|Any CPU
		{490D5560-1664-CE55-6D6B-805BFFA3E80C}.Release|Any CPU.ActiveCfg = Release|Any CPU
		{490D5560-1664-CE55-6D6B-805BFFA3E80C}.Release|Any CPU.Build.0 = Release|Any CPU
	EndGlobalSection
	GlobalSection(SolutionProperties) = preSolution
		HideSolutionNode = FALSE
	EndGlobalSection
EndGlobal
